
Microsoft Visual Studio Solution File, Format Version 12.00
# Visual Studio Version 17
VisualStudioVersion = 17.2.32519.379
MinimumVisualStudioVersion = 10.0.40219.1
Project("{FAE04EC0-301F-11D3-BF4B-00C04F79EFBC}") = "FileUpload", "FileUpload\FileUpload.csproj", "{C9959ED4-ED7A-4515-85B5-97EEF322871E}"
EndProject
Global
	GlobalSection(SolutionConfigurationPlatforms) = preSolution
		Debug|Any CPU = Debug|Any CPU
		Release|Any CPU = Release|Any CPU
	EndGlobalSection
	GlobalSection(ProjectConfigurationPlatforms) = postSolution
		{C9959ED4-ED7A-4515-85B5-97EEF322871E}.Debug|Any CPU.ActiveCfg = Debug|Any CPU
		{C9959ED4-ED7A-4515-85B5-97EEF322871E}.Debug|Any CPU.Build.0 = Debug|Any CPU
		{C9959ED4-ED7A-4515-85B5-97EEF322871E}.Release|Any CPU.ActiveCfg = Release|Any CPU
		{C9959ED4-ED7A-4515-85B5-97EEF322871E}.Release|Any CPU.Build.0 = Release|Any CPU
	EndGlobalSection
	GlobalSection(SolutionProperties) = preSolution
		HideSolutionNode = FALSE
	EndGlobalSection
	GlobalSection(ExtensibilityGlobals) = postSolution
		SolutionGuid = {8EB14FF5-BC3B-4154-8D8B-A629ADCD045A}
	EndGlobalSection
EndGlobal
